
Microsoft Visual Studio Solution File, Format Version 12.00
# Visual Studio Version 16
VisualStudioVersion = 16.0.30804.86
MinimumVisualStudioVersion = 10.0.40219.1
Project("{9A19103F-16F7-4668-BE54-9A1E7A4F7556}") = "Indexa", "Indexa\Indexa.csproj", "{DF42E81B-0FD8-460F-A0B4-7EB48F29E167}"
EndProject
Project("{9A19103F-16F7-4668-BE54-9A1E7A4F7556}") = "Pulsa", "Pulsa\Pulsa.csproj", "{2794D0BE-7193-4A08-A32C-815BE5D7C517}"
EndProject
Global
	GlobalSection(SolutionConfigurationPlatforms) = preSolution
		Debug|Any CPU = Debug|Any CPU
		Release|Any CPU = Release|Any CPU
	EndGlobalSection
	GlobalSection(ProjectConfigurationPlatforms) = postSolution
		{DF42E81B-0FD8-460F-A0B4-7EB48F29E167}.Debug|Any CPU.ActiveCfg = Debug|Any CPU
		{DF42E81B-0FD8-460F-A0B4-7EB48F29E167}.Debug|Any CPU.Build.0 = Debug|Any CPU
		{DF42E81B-0FD8-460F-A0B4-7EB48F29E167}.Release|Any CPU.ActiveCfg = Release|Any CPU
		{DF42E81B-0FD8-460F-A0B4-7EB48F29E167}.Release|Any CPU.Build.0 = Release|Any CPU
		{2794D0BE-7193-4A08-A32C-815BE5D7C517}.Debug|Any CPU.ActiveCfg = Debug|Any CPU
		{2794D0BE-7193-4A08-A32C-815BE5D7C517}.Debug|Any CPU.Build.0 = Debug|Any CPU
		{2794D0BE-7193-4A08-A32C-815BE5D7C517}.Release|Any CPU.ActiveCfg = Release|Any CPU
		{2794D0BE-7193-4A08-A32C-815BE5D7C517}.Release|Any CPU.Build.0 = Release|Any CPU
	EndGlobalSection
	GlobalSection(SolutionProperties) = preSolution
		HideSolutionNode = FALSE
	EndGlobalSection
	GlobalSection(ExtensibilityGlobals) = postSolution
		SolutionGuid = {F6D7EEE7-2D18-4B2F-A477-FFD6105DC1B4}
	EndGlobalSection
EndGlobal
